
Microsoft Visual Studio Solution File, Format Version 12.00
# Visual Studio 15
VisualStudioVersion = 15.0.27703.2018
MinimumVisualStudioVersion = 10.0.40219.1
Project("{FAE04EC0-301F-11D3-BF4B-00C04F79EFBC}") = "Dogs", "Dogs\Dogs.csproj", "{4DD15E0F-B479-4DBD-9AED-D9BC43F9FD44}"
EndProject
Global
	GlobalSection(SolutionConfigurationPlatforms) = preSolution
		Debug|Any CPU = Debug|Any CPU
		Release|Any CPU = Release|Any CPU
	EndGlobalSection
	GlobalSection(ProjectConfigurationPlatforms) = postSolution
		{4DD15E0F-B479-4DBD-9AED-D9BC43F9FD44}.Debug|Any CPU.ActiveCfg = Debug|Any CPU
		{4DD15E0F-B479-4DBD-9AED-D9BC43F9FD44}.Debug|Any CPU.Build.0 = Debug|Any CPU
		{4DD15E0F-B479-4DBD-9AED-D9BC43F9FD44}.Release|Any CPU.ActiveCfg = Release|Any CPU
		{4DD15E0F-B479-4DBD-9AED-D9BC43F9FD44}.Release|Any CPU.Build.0 = Release|Any CPU
	EndGlobalSection
	GlobalSection(SolutionProperties) = preSolution
		HideSolutionNode = FALSE
	EndGlobalSection
	GlobalSection(ExtensibilityGlobals) = postSolution
		SolutionGuid = {F4EFA2E5-BBB9-4617-8A67-A2A073C92FF9}
	EndGlobalSection
EndGlobal
